# This file is generated by running "yarn install" inside your project.
# Manual changes might be lost - proceed with caution!

__metadata:
  version: 4
  cacheKey: 7

"husky@npm:^6.0.0":
  version: 6.0.0
  resolution: "husky@npm:6.0.0"
  bin:
    husky: lib/bin.js
  checksum: 61e1f7f53f3c969d361c2a1d4ed8018b9447406ea6cd644a2526d18b76877d135001d8cbd48a1d201fc1614d96995e691ecd2b82a8d8513a6b4a313da1188ccd
  languageName: node
  linkType: hard

"ironquest@workspace:.":
  version: 0.0.0-use.local
  resolution: "ironquest@workspace:."
  dependencies:
    husky: ^6.0.0
  languageName: unknown
  linkType: soft
